{
  "nodes": {
    "ags": {
      "inputs": {
        "nixpkgs": "nixpkgs",
        "systems": "systems"
      },
      "locked": {
        "lastModified": 1727303518,
        "narHash": "sha256-lO5JMynTxNZxg/+E4/Y9reeLGIz/M8cEue+Re4cP6qo=",
        "owner": "Aylur",
        "repo": "ags",
        "rev": "cd543afec4d9ed708990e5ba52184716809bf248",
        "type": "github"
      },
      "original": {
        "owner": "Aylur",
        "repo": "ags",
        "type": "github"
      }
    },
    "aquamarine": {
      "inputs": {
        "hyprutils": [
          "hyprland",
          "hyprutils"
        ],
        "hyprwayland-scanner": [
          "hyprland",
          "hyprwayland-scanner"
        ],
        "nixpkgs": [
          "hyprland",
          "nixpkgs"
        ],
        "systems": [
          "hyprland",
          "systems"
        ]
      },
      "locked": {
        "lastModified": 1727261104,
        "narHash": "sha256-rxDI7WrxIRV9it9mDCHcLa7xQykf1JloXnoXr5xQ8zI=",
        "owner": "hyprwm",
        "repo": "aquamarine",
        "rev": "b82fdaff917582a9d568969e15e61b398c71e990",
        "type": "github"
      },
      "original": {
        "owner": "hyprwm",
        "repo": "aquamarine",
        "type": "github"
      }
    },
    "astal": {
      "inputs": {
        "nixpkgs": "nixpkgs_2"
      },
      "locked": {
        "lastModified": 1727764532,
        "narHash": "sha256-KzS4/59m8wxzJfUaVP6xHan5HCDKBWz5yTq3Mj1cnFU=",
        "owner": "Aylur",
        "repo": "astal",
        "rev": "4a7fa90f40d42aefc10a6203223df97dbf9bd801",
        "type": "github"
      },
      "original": {
        "owner": "Aylur",
        "repo": "astal",
        "type": "github"
      }
    },
    "firefox-gnome-theme": {
      "flake": false,
      "locked": {
        "lastModified": 1723137499,
        "narHash": "sha256-MOE9NeU2i6Ws1GhGmppMnjOHkNLl2MQMJmGhaMzdoJM=",
        "owner": "rafaelmardojai",
        "repo": "firefox-gnome-theme",
        "rev": "fb5b578a4f49ae8705e5fea0419242ed1b8dba70",
        "type": "github"
      },
      "original": {
        "owner": "rafaelmardojai",
        "repo": "firefox-gnome-theme",
        "type": "github"
      }
    },
    "home-manager": {
      "inputs": {
        "nixpkgs": [
          "nixpkgs"
        ]
      },
      "locked": {
        "lastModified": 1727817100,
        "narHash": "sha256-dlyV9/eiWkm/Y/t2+k4CFZ29tBvCANmJogEYaHeAOTw=",
        "owner": "nix-community",
        "repo": "home-manager",
        "rev": "437ec62009fa8ceb684eb447d455ffba25911cf9",
        "type": "github"
      },
      "original": {
        "owner": "nix-community",
        "repo": "home-manager",
        "type": "github"
      }
    },
    "hyprcursor": {
      "inputs": {
        "hyprlang": [
          "hyprland",
          "hyprlang"
        ],
        "nixpkgs": [
          "hyprland",
          "nixpkgs"
        ],
        "systems": [
          "hyprland",
          "systems"
        ]
      },
      "locked": {
        "lastModified": 1727532803,
        "narHash": "sha256-ZaZ7h7PY8mQc4vtGmVqWLAq9CAO02gHMyNR5yY8zDmM=",
        "owner": "hyprwm",
        "repo": "hyprcursor",
        "rev": "b98726e431d4d3ed58bd58bee1047cdb81cec69f",
        "type": "github"
      },
      "original": {
        "owner": "hyprwm",
        "repo": "hyprcursor",
        "type": "github"
      }
    },
    "hyprland": {
      "inputs": {
        "aquamarine": "aquamarine",
        "hyprcursor": "hyprcursor",
        "hyprland-protocols": "hyprland-protocols",
        "hyprlang": "hyprlang",
        "hyprutils": "hyprutils",
        "hyprwayland-scanner": "hyprwayland-scanner",
        "nixpkgs": "nixpkgs_3",
        "systems": "systems_2",
        "xdph": "xdph"
      },
      "locked": {
        "lastModified": 1727714556,
        "narHash": "sha256-l4cPDA3xGtGdQmdSCAO2VyWg9xwW6//KwDYefdWtovQ=",
        "ref": "refs/heads/main",
        "rev": "5c6c300abfea2539ffad9bcbf857325eec5ab765",
        "revCount": 5285,
        "submodules": true,
        "type": "git",
        "url": "https://github.com/hyprwm/Hyprland"
      },
      "original": {
        "submodules": true,
        "type": "git",
        "url": "https://github.com/hyprwm/Hyprland"
      }
    },
    "hyprland-hyprspace": {
      "inputs": {
        "hyprland": [
          "hyprland"
        ]
      },
      "locked": {
        "lastModified": 1726437584,
        "narHash": "sha256-lMIFDORuyMYHtUPrRWU5WjGcS+ZMrR4/wBSO+sgUVSY=",
        "owner": "KZDKM",
        "repo": "Hyprspace",
        "rev": "8f14fa2e10d24742d713f04c278bc7651037b74b",
        "type": "github"
      },
      "original": {
        "owner": "KZDKM",
        "repo": "Hyprspace",
        "type": "github"
      }
    },
    "hyprland-plugins": {
      "inputs": {
        "hyprland": [
          "hyprland"
        ],
        "nixpkgs": [
          "hyprland-plugins",
          "hyprland",
          "nixpkgs"
        ],
        "systems": [
          "hyprland-plugins",
          "hyprland",
          "systems"
        ]
      },
      "locked": {
        "lastModified": 1727705521,
        "narHash": "sha256-tR4bc6zONkxore1F7CRrwHs9NITht8NY0JTidPSmMXY=",
        "owner": "hyprwm",
        "repo": "hyprland-plugins",
        "rev": "9215288eb2ded9d0c08d468ea90ba68f43162c67",
        "type": "github"
      },
      "original": {
        "owner": "hyprwm",
        "repo": "hyprland-plugins",
        "type": "github"
      }
    },
    "hyprland-protocols": {
      "inputs": {
        "nixpkgs": [
          "hyprland",
          "nixpkgs"
        ],
        "systems": [
          "hyprland",
          "systems"
        ]
      },
      "locked": {
        "lastModified": 1727451107,
        "narHash": "sha256-qV9savtHwmZUa0eJE294WYJjKPGB2+bJhwByFShsVyo=",
        "owner": "hyprwm",
        "repo": "hyprland-protocols",
        "rev": "6b3261ee13a6d2b99de79a31d352f6996e35bde3",
        "type": "github"
      },
      "original": {
        "owner": "hyprwm",
        "repo": "hyprland-protocols",
        "type": "github"
      }
    },
    "hyprland-protocols_2": {
      "inputs": {
        "nixpkgs": [
          "hyprland",
          "xdph",
          "nixpkgs"
        ],
        "systems": [
          "hyprland",
          "xdph",
          "systems"
        ]
      },
      "locked": {
        "lastModified": 1721326555,
        "narHash": "sha256-zCu4R0CSHEactW9JqYki26gy8h9f6rHmSwj4XJmlHgg=",
        "owner": "hyprwm",
        "repo": "hyprland-protocols",
        "rev": "5a11232266bf1a1f5952d5b179c3f4b2facaaa84",
        "type": "github"
      },
      "original": {
        "owner": "hyprwm",
        "repo": "hyprland-protocols",
        "type": "github"
      }
    },
    "hyprlang": {
      "inputs": {
        "hyprutils": [
          "hyprland",
          "hyprutils"
        ],
        "nixpkgs": [
          "hyprland",
          "nixpkgs"
        ],
        "systems": [
          "hyprland",
          "systems"
        ]
      },
      "locked": {
        "lastModified": 1725997860,
        "narHash": "sha256-d/rZ/fHR5l1n7PeyLw0StWMNLXVU9c4HFyfskw568so=",
        "owner": "hyprwm",
        "repo": "hyprlang",
        "rev": "dfeb5811dd6485490cce18d6cc1e38a055eea876",
        "type": "github"
      },
      "original": {
        "owner": "hyprwm",
        "repo": "hyprlang",
        "type": "github"
      }
    },
    "hyprutils": {
      "inputs": {
        "nixpkgs": [
          "hyprland",
          "nixpkgs"
        ],
        "systems": [
          "hyprland",
          "systems"
        ]
      },
      "locked": {
        "lastModified": 1727300645,
        "narHash": "sha256-OvAtVLaSRPnbXzOwlR1fVqCXR7i+ICRX3aPMCdIiv+c=",
        "owner": "hyprwm",
        "repo": "hyprutils",
        "rev": "3f5293432b6dc6a99f26aca2eba3876d2660665c",
        "type": "github"
      },
      "original": {
        "owner": "hyprwm",
        "repo": "hyprutils",
        "type": "github"
      }
    },
    "hyprwayland-scanner": {
      "inputs": {
        "nixpkgs": [
          "hyprland",
          "nixpkgs"
        ],
        "systems": [
          "hyprland",
          "systems"
        ]
      },
      "locked": {
        "lastModified": 1726874836,
        "narHash": "sha256-VKR0sf0PSNCB0wPHVKSAn41mCNVCnegWmgkrneKDhHM=",
        "owner": "hyprwm",
        "repo": "hyprwayland-scanner",
        "rev": "500c81a9e1a76760371049a8d99e008ea77aa59e",
        "type": "github"
      },
      "original": {
        "owner": "hyprwm",
        "repo": "hyprwayland-scanner",
        "type": "github"
      }
    },
    "lf-icons": {
      "flake": false,
      "locked": {
        "lastModified": 1726237526,
        "narHash": "sha256-WljTws+z1qKOHHr5/K6xXKvkDNqbpfVepHcTBlIKQU0=",
        "owner": "gokcehan",
        "repo": "lf",
        "rev": "1c56620f571b5f40bac2a3418ba3f9a2df8ebd79",
        "type": "github"
      },
      "original": {
        "owner": "gokcehan",
        "repo": "lf",
        "type": "github"
      }
    },
    "matugen": {
      "inputs": {
        "nixpkgs": "nixpkgs_4"
      },
      "locked": {
        "lastModified": 1711657889,
        "narHash": "sha256-4VX7Rt+ftEH8nwg59eT7TsvHYUf8/euUmwh/JLc4rLc=",
        "owner": "InioX",
        "repo": "matugen",
        "rev": "566277529dadc2b149a8bd8b9859ea791ecdef26",
        "type": "github"
      },
      "original": {
        "owner": "InioX",
        "ref": "v2.2.0",
        "repo": "matugen",
        "type": "github"
      }
    },
    "nixpkgs": {
      "locked": {
        "lastModified": 1725634671,
        "narHash": "sha256-v3rIhsJBOMLR8e/RNWxr828tB+WywYIoajrZKFM+0Gg=",
        "owner": "NixOS",
        "repo": "nixpkgs",
        "rev": "574d1eac1c200690e27b8eb4e24887f8df7ac27c",
        "type": "github"
      },
      "original": {
        "owner": "NixOS",
        "ref": "nixos-unstable",
        "repo": "nixpkgs",
        "type": "github"
      }
    },
    "nixpkgs_2": {
      "locked": {
        "lastModified": 1716293225,
        "narHash": "sha256-pU9ViBVE3XYb70xZx+jK6SEVphvt7xMTbm6yDIF4xPs=",
        "owner": "nixos",
        "repo": "nixpkgs",
        "rev": "3eaeaeb6b1e08a016380c279f8846e0bd8808916",
        "type": "github"
      },
      "original": {
        "owner": "nixos",
        "ref": "nixos-unstable",
        "repo": "nixpkgs",
        "type": "github"
      }
    },
    "nixpkgs_3": {
      "locked": {
        "lastModified": 1727348695,
        "narHash": "sha256-J+PeFKSDV+pHL7ukkfpVzCOO7mBSrrpJ3svwBFABbhI=",
        "owner": "NixOS",
        "repo": "nixpkgs",
        "rev": "1925c603f17fc89f4c8f6bf6f631a802ad85d784",
        "type": "github"
      },
      "original": {
        "owner": "NixOS",
        "ref": "nixos-unstable",
        "repo": "nixpkgs",
        "type": "github"
      }
    },
    "nixpkgs_4": {
      "locked": {
        "lastModified": 1691186842,
        "narHash": "sha256-wxBVCvZUwq+XS4N4t9NqsHV4E64cPVqQ2fdDISpjcw0=",
        "owner": "nixos",
        "repo": "nixpkgs",
        "rev": "18036c0be90f4e308ae3ebcab0e14aae0336fe42",
        "type": "github"
      },
      "original": {
        "owner": "nixos",
        "ref": "nixos-unstable",
        "repo": "nixpkgs",
        "type": "github"
      }
    },
    "nixpkgs_5": {
      "locked": {
        "lastModified": 1727634051,
        "narHash": "sha256-S5kVU7U82LfpEukbn/ihcyNt2+EvG7Z5unsKW9H/yFA=",
        "owner": "nixos",
        "repo": "nixpkgs",
        "rev": "06cf0e1da4208d3766d898b7fdab6513366d45b9",
        "type": "github"
      },
      "original": {
        "owner": "nixos",
        "ref": "nixos-unstable",
        "repo": "nixpkgs",
        "type": "github"
      }
    },
    "root": {
      "inputs": {
        "ags": "ags",
        "astal": "astal",
        "firefox-gnome-theme": "firefox-gnome-theme",
        "home-manager": "home-manager",
        "hyprland": "hyprland",
        "hyprland-hyprspace": "hyprland-hyprspace",
        "hyprland-plugins": "hyprland-plugins",
        "lf-icons": "lf-icons",
        "matugen": "matugen",
        "nixpkgs": "nixpkgs_5",
        "zen-browser": "zen-browser"
      }
    },
    "systems": {
      "locked": {
        "lastModified": 1689347949,
        "narHash": "sha256-12tWmuL2zgBgZkdoB6qXZsgJEH9LR3oUgpaQq2RbI80=",
        "owner": "nix-systems",
        "repo": "default-linux",
        "rev": "31732fcf5e8fea42e59c2488ad31a0e651500f68",
        "type": "github"
      },
      "original": {
        "owner": "nix-systems",
        "repo": "default-linux",
        "type": "github"
      }
    },
    "systems_2": {
      "locked": {
        "lastModified": 1689347949,
        "narHash": "sha256-12tWmuL2zgBgZkdoB6qXZsgJEH9LR3oUgpaQq2RbI80=",
        "owner": "nix-systems",
        "repo": "default-linux",
        "rev": "31732fcf5e8fea42e59c2488ad31a0e651500f68",
        "type": "github"
      },
      "original": {
        "owner": "nix-systems",
        "repo": "default-linux",
        "type": "github"
      }
    },
    "xdph": {
      "inputs": {
        "hyprland-protocols": "hyprland-protocols_2",
        "hyprlang": [
          "hyprland",
          "hyprlang"
        ],
        "hyprutils": [
          "hyprland",
          "hyprutils"
        ],
        "hyprwayland-scanner": [
          "hyprland",
          "hyprwayland-scanner"
        ],
        "nixpkgs": [
          "hyprland",
          "nixpkgs"
        ],
        "systems": [
          "hyprland",
          "systems"
        ]
      },
      "locked": {
        "lastModified": 1727524473,
        "narHash": "sha256-1DGktDtSWIJpnDbVoj/qpvJSH5zg6JbOfuh6xqZMap0=",
        "owner": "hyprwm",
        "repo": "xdg-desktop-portal-hyprland",
        "rev": "7e500e679ede40e79cf2d89b5f5fa3e34923bd26",
        "type": "github"
      },
      "original": {
        "owner": "hyprwm",
        "repo": "xdg-desktop-portal-hyprland",
        "type": "github"
      }
    },
    "zen-browser": {
      "inputs": {
        "nixpkgs": [
          "nixpkgs"
        ]
      },
      "locked": {
        "lastModified": 1727857440,
        "narHash": "sha256-3ZHqqhjuHuRKzvMJzt+UJgjX1xKbdbBuyX1iWhvIDeQ=",
        "owner": "n3xistence",
        "repo": "zen-browser-flake",
        "rev": "0027ff03e2bfdd25b47892e997e173f4d48c5b8f",
        "type": "github"
      },
      "original": {
        "owner": "n3xistence",
        "repo": "zen-browser-flake",
        "type": "github"
      }
    }
  },
  "root": "root",
  "version": 7
}
