{
  "nodes": {
    "ags": {
      "inputs": {
        "nixpkgs": "nixpkgs",
        "systems": "systems"
      },
      "locked": {
        "lastModified": 1735346349,
        "narHash": "sha256-n/VeEnc6fra2SPgm2ppzwQ52ggYDhpzmBnIBrVD/f+0=",
        "owner": "Aylur",
        "repo": "ags",
        "rev": "237601999d65a4663bcbab934f4f6ce1f579d728",
        "type": "github"
      },
      "original": {
        "owner": "Aylur",
        "ref": "v1",
        "repo": "ags",
        "type": "github"
      }
    },
    "aquamarine": {
      "inputs": {
        "hyprutils": [
          "hyprland",
          "hyprutils"
        ],
        "hyprwayland-scanner": [
          "hyprland",
          "hyprwayland-scanner"
        ],
        "nixpkgs": [
          "hyprland",
          "nixpkgs"
        ],
        "systems": [
          "hyprland",
          "systems"
        ]
      },
      "locked": {
        "lastModified": 1742213273,
        "narHash": "sha256-0l0vDb4anfsBu1rOs94bC73Hub+xEivgBAo6QXl2MmU=",
        "owner": "hyprwm",
        "repo": "aquamarine",
        "rev": "484b732195cc53f4536ce4bd59a5c6402b1e7ccf",
        "type": "github"
      },
      "original": {
        "owner": "hyprwm",
        "repo": "aquamarine",
        "type": "github"
      }
    },
    "astal": {
      "inputs": {
        "nixpkgs": "nixpkgs_2"
      },
      "locked": {
        "lastModified": 1742219106,
        "narHash": "sha256-8gWNDDVS7TqLiS+eR1XhfMHBeknmTzLQ3ItB40OK3p0=",
        "owner": "Aylur",
        "repo": "astal",
        "rev": "e5a8e3b60e41d06450284baf7008abe4ac27a53d",
        "type": "github"
      },
      "original": {
        "owner": "Aylur",
        "repo": "astal",
        "type": "github"
      }
    },
    "firefox-nebula-theme": {
      "flake": false,
      "locked": {
        "lastModified": 1742491103,
        "narHash": "sha256-GAIn8InwQgpejyQ3Q4uAGdYdL+tT13LtUMZmqRDUr50=",
        "owner": "JustAdumbPrsn",
        "repo": "Nebula-A-Minimal-Theme-for-Zen-Browser",
        "rev": "1e93f47b2e49c404e9c56aa0406086f25e105368",
        "type": "github"
      },
      "original": {
        "owner": "JustAdumbPrsn",
        "repo": "Nebula-A-Minimal-Theme-for-Zen-Browser",
        "type": "github"
      }
    },
    "flake-compat": {
      "flake": false,
      "locked": {
        "lastModified": 1696426674,
        "narHash": "sha256-kvjfFW7WAETZlt09AgDn1MrtKzP7t90Vf7vypd3OL1U=",
        "owner": "edolstra",
        "repo": "flake-compat",
        "rev": "0f9255e01c2351cc7d116c072cb317785dd33b33",
        "type": "github"
      },
      "original": {
        "owner": "edolstra",
        "repo": "flake-compat",
        "type": "github"
      }
    },
    "gitignore": {
      "inputs": {
        "nixpkgs": [
          "hyprland",
          "pre-commit-hooks",
          "nixpkgs"
        ]
      },
      "locked": {
        "lastModified": 1709087332,
        "narHash": "sha256-HG2cCnktfHsKV0s4XW83gU3F57gaTljL9KNSuG6bnQs=",
        "owner": "hercules-ci",
        "repo": "gitignore.nix",
        "rev": "637db329424fd7e46cf4185293b9cc8c88c95394",
        "type": "github"
      },
      "original": {
        "owner": "hercules-ci",
        "repo": "gitignore.nix",
        "type": "github"
      }
    },
    "home-manager": {
      "inputs": {
        "nixpkgs": [
          "nixpkgs"
        ]
      },
      "locked": {
        "lastModified": 1742530487,
        "narHash": "sha256-yjBjRn294NpPagPAQCio20X5BzBXiOoz2+xF3/YmEkU=",
        "owner": "nix-community",
        "repo": "home-manager",
        "rev": "d61711497be9ad6a6633aaf203b038b5a970621f",
        "type": "github"
      },
      "original": {
        "owner": "nix-community",
        "repo": "home-manager",
        "type": "github"
      }
    },
    "hyprcursor": {
      "inputs": {
        "hyprlang": [
          "hyprland",
          "hyprlang"
        ],
        "nixpkgs": [
          "hyprland",
          "nixpkgs"
        ],
        "systems": [
          "hyprland",
          "systems"
        ]
      },
      "locked": {
        "lastModified": 1742215578,
        "narHash": "sha256-zfs71PXVVPEe56WEyNi2TJQPs0wabU4WAlq0XV7GcdE=",
        "owner": "hyprwm",
        "repo": "hyprcursor",
        "rev": "2fd36421c21aa87e2fe3bee11067540ae612f719",
        "type": "github"
      },
      "original": {
        "owner": "hyprwm",
        "repo": "hyprcursor",
        "type": "github"
      }
    },
    "hyprgraphics": {
      "inputs": {
        "hyprutils": [
          "hyprland",
          "hyprutils"
        ],
        "nixpkgs": [
          "hyprland",
          "nixpkgs"
        ],
        "systems": [
          "hyprland",
          "systems"
        ]
      },
      "locked": {
        "lastModified": 1739049071,
        "narHash": "sha256-3+7TpXMrbsUXSwgr5VAKAnmkzMb6JO+Rvc9XRb5NMg4=",
        "owner": "hyprwm",
        "repo": "hyprgraphics",
        "rev": "175c6b29b6ff82100539e7c4363a35a02c74dd73",
        "type": "github"
      },
      "original": {
        "owner": "hyprwm",
        "repo": "hyprgraphics",
        "type": "github"
      }
    },
    "hyprland": {
      "inputs": {
        "aquamarine": "aquamarine",
        "hyprcursor": "hyprcursor",
        "hyprgraphics": "hyprgraphics",
        "hyprland-protocols": "hyprland-protocols",
        "hyprland-qtutils": "hyprland-qtutils",
        "hyprlang": "hyprlang",
        "hyprutils": "hyprutils",
        "hyprwayland-scanner": "hyprwayland-scanner",
        "nixpkgs": "nixpkgs_3",
        "pre-commit-hooks": "pre-commit-hooks",
        "systems": "systems_2",
        "xdph": "xdph"
      },
      "locked": {
        "lastModified": 1742468927,
        "narHash": "sha256-frIzdUKCw5hjDmE50IlTY23INJLjAUaf3Hb0rylJcQg=",
        "ref": "refs/heads/main",
        "rev": "7ea4fbf0ba034d947339b3a94a10da022eca1988",
        "revCount": 5913,
        "submodules": true,
        "type": "git",
        "url": "https://github.com/hyprwm/Hyprland"
      },
      "original": {
        "submodules": true,
        "type": "git",
        "url": "https://github.com/hyprwm/Hyprland"
      }
    },
    "hyprland-hyprspace": {
      "inputs": {
        "hyprland": [
          "hyprland"
        ],
        "systems": "systems_3"
      },
      "locked": {
        "lastModified": 1741933157,
        "narHash": "sha256-HEWIQ1SgUTnc964oDsi68rQQug57BqbdUYqZvr3Ep0A=",
        "owner": "KZDKM",
        "repo": "Hyprspace",
        "rev": "c3cf91bdb6a912f9d2c2779deebdf23385fd659a",
        "type": "github"
      },
      "original": {
        "owner": "KZDKM",
        "repo": "Hyprspace",
        "type": "github"
      }
    },
    "hyprland-plugins": {
      "inputs": {
        "hyprland": [
          "hyprland"
        ],
        "nixpkgs": [
          "hyprland-plugins",
          "hyprland",
          "nixpkgs"
        ],
        "systems": [
          "hyprland-plugins",
          "hyprland",
          "systems"
        ]
      },
      "locked": {
        "lastModified": 1742550672,
        "narHash": "sha256-q6v3nkJZdu45bwCuymQ+q3U7uwfA+M3GqsvZ0TgNsi4=",
        "owner": "hyprwm",
        "repo": "hyprland-plugins",
        "rev": "7429a0ea78353dab6a7a9a3e8101db98a306957d",
        "type": "github"
      },
      "original": {
        "owner": "hyprwm",
        "repo": "hyprland-plugins",
        "type": "github"
      }
    },
    "hyprland-protocols": {
      "inputs": {
        "nixpkgs": [
          "hyprland",
          "nixpkgs"
        ],
        "systems": [
          "hyprland",
          "systems"
        ]
      },
      "locked": {
        "lastModified": 1738422629,
        "narHash": "sha256-5v+bv75wJWvahyM2xcMTSNNxmV8a7hb01Eey5zYnBJw=",
        "owner": "hyprwm",
        "repo": "hyprland-protocols",
        "rev": "755aef8dab49d0fc4663c715fa4ad221b2aedaed",
        "type": "github"
      },
      "original": {
        "owner": "hyprwm",
        "repo": "hyprland-protocols",
        "type": "github"
      }
    },
    "hyprland-qt-support": {
      "inputs": {
        "hyprlang": [
          "hyprland",
          "hyprland-qtutils",
          "hyprlang"
        ],
        "nixpkgs": [
          "hyprland",
          "hyprland-qtutils",
          "nixpkgs"
        ],
        "systems": [
          "hyprland",
          "hyprland-qtutils",
          "systems"
        ]
      },
      "locked": {
        "lastModified": 1737634706,
        "narHash": "sha256-nGCibkfsXz7ARx5R+SnisRtMq21IQIhazp6viBU8I/A=",
        "owner": "hyprwm",
        "repo": "hyprland-qt-support",
        "rev": "8810df502cdee755993cb803eba7b23f189db795",
        "type": "github"
      },
      "original": {
        "owner": "hyprwm",
        "repo": "hyprland-qt-support",
        "type": "github"
      }
    },
    "hyprland-qtutils": {
      "inputs": {
        "hyprland-qt-support": "hyprland-qt-support",
        "hyprlang": [
          "hyprland",
          "hyprlang"
        ],
        "hyprutils": [
          "hyprland",
          "hyprland-qtutils",
          "hyprlang",
          "hyprutils"
        ],
        "nixpkgs": [
          "hyprland",
          "nixpkgs"
        ],
        "systems": [
          "hyprland",
          "systems"
        ]
      },
      "locked": {
        "lastModified": 1739048983,
        "narHash": "sha256-REhTcXq4qs3B3cCDtLlYDz0GZvmsBSh947Ub6pQWGTQ=",
        "owner": "hyprwm",
        "repo": "hyprland-qtutils",
        "rev": "3504a293c8f8db4127cb0f7cfc1a318ffb4316f8",
        "type": "github"
      },
      "original": {
        "owner": "hyprwm",
        "repo": "hyprland-qtutils",
        "type": "github"
      }
    },
    "hyprlang": {
      "inputs": {
        "hyprutils": [
          "hyprland",
          "hyprutils"
        ],
        "nixpkgs": [
          "hyprland",
          "nixpkgs"
        ],
        "systems": [
          "hyprland",
          "systems"
        ]
      },
      "locked": {
        "lastModified": 1741191527,
        "narHash": "sha256-kM+11Nch47Xwfgtw2EpRitJuORy4miwoMuRi5tyMBDY=",
        "owner": "hyprwm",
        "repo": "hyprlang",
        "rev": "72df3861f1197e41b078faa3e38eedd60e00018d",
        "type": "github"
      },
      "original": {
        "owner": "hyprwm",
        "repo": "hyprlang",
        "type": "github"
      }
    },
    "hyprutils": {
      "inputs": {
        "nixpkgs": [
          "hyprland",
          "nixpkgs"
        ],
        "systems": [
          "hyprland",
          "systems"
        ]
      },
      "locked": {
        "lastModified": 1741534688,
        "narHash": "sha256-EV3945SnjOCuRVbGRghsWx/9D89FyshnSO1Q6/TuQ14=",
        "owner": "hyprwm",
        "repo": "hyprutils",
        "rev": "dd1f720cbc2dbb3c71167c9598045dd3261d27b3",
        "type": "github"
      },
      "original": {
        "owner": "hyprwm",
        "repo": "hyprutils",
        "type": "github"
      }
    },
    "hyprwayland-scanner": {
      "inputs": {
        "nixpkgs": [
          "hyprland",
          "nixpkgs"
        ],
        "systems": [
          "hyprland",
          "systems"
        ]
      },
      "locked": {
        "lastModified": 1739870480,
        "narHash": "sha256-SiDN5BGxa/1hAsqhgJsS03C3t2QrLgBT8u+ENJ0Qzwc=",
        "owner": "hyprwm",
        "repo": "hyprwayland-scanner",
        "rev": "206367a08dc5ac4ba7ad31bdca391d098082e64b",
        "type": "github"
      },
      "original": {
        "owner": "hyprwm",
        "repo": "hyprwayland-scanner",
        "type": "github"
      }
    },
    "lf-icons": {
      "flake": false,
      "locked": {
        "lastModified": 1742543773,
        "narHash": "sha256-fjoje8OJlm7eOJmxvQJUPRZyscsCf8M0Fv0YdKRXoO4=",
        "owner": "gokcehan",
        "repo": "lf",
        "rev": "ad6fa3fa736104ad3061797c6c74cf2e57ebe27d",
        "type": "github"
      },
      "original": {
        "owner": "gokcehan",
        "repo": "lf",
        "type": "github"
      }
    },
    "matugen": {
      "inputs": {
        "nixpkgs": "nixpkgs_4"
      },
      "locked": {
        "lastModified": 1711657889,
        "narHash": "sha256-4VX7Rt+ftEH8nwg59eT7TsvHYUf8/euUmwh/JLc4rLc=",
        "owner": "InioX",
        "repo": "matugen",
        "rev": "566277529dadc2b149a8bd8b9859ea791ecdef26",
        "type": "github"
      },
      "original": {
        "owner": "InioX",
        "ref": "v2.2.0",
        "repo": "matugen",
        "type": "github"
      }
    },
    "nixCats": {
      "locked": {
        "lastModified": 1742479173,
        "narHash": "sha256-gllPoqPdAOwIuAQbJ5PQaKAjYMIp2qWySJEYq2vW4ro=",
        "owner": "BirdeeHub",
        "repo": "nixCats-nvim",
        "rev": "49d84b23d0e324d923a4e0068b1ab1ebadba54ec",
        "type": "github"
      },
      "original": {
        "owner": "BirdeeHub",
        "repo": "nixCats-nvim",
        "type": "github"
      }
    },
    "nixCats_2": {
      "locked": {
        "lastModified": 1741744174,
        "narHash": "sha256-caGSuskv+9EbKFhjT2OF22tLU8QhFLTmUom1CuzNwy0=",
        "owner": "BirdeeHub",
        "repo": "nixCats-nvim",
        "rev": "55d64d920a94297538acde4610016d4abdd0b7d9",
        "type": "github"
      },
      "original": {
        "owner": "BirdeeHub",
        "repo": "nixCats-nvim",
        "type": "github"
      }
    },
    "nixpkgs": {
      "locked": {
        "lastModified": 1725634671,
        "narHash": "sha256-v3rIhsJBOMLR8e/RNWxr828tB+WywYIoajrZKFM+0Gg=",
        "owner": "NixOS",
        "repo": "nixpkgs",
        "rev": "574d1eac1c200690e27b8eb4e24887f8df7ac27c",
        "type": "github"
      },
      "original": {
        "owner": "NixOS",
        "ref": "nixos-unstable",
        "repo": "nixpkgs",
        "type": "github"
      }
    },
    "nixpkgs_2": {
      "locked": {
        "lastModified": 1737469691,
        "narHash": "sha256-nmKOgAU48S41dTPIXAq0AHZSehWUn6ZPrUKijHAMmIk=",
        "owner": "nixos",
        "repo": "nixpkgs",
        "rev": "9e4d5190a9482a1fb9d18adf0bdb83c6e506eaab",
        "type": "github"
      },
      "original": {
        "owner": "nixos",
        "ref": "nixos-unstable",
        "repo": "nixpkgs",
        "type": "github"
      }
    },
    "nixpkgs_3": {
      "locked": {
        "lastModified": 1742069588,
        "narHash": "sha256-C7jVfohcGzdZRF6DO+ybyG/sqpo1h6bZi9T56sxLy+k=",
        "owner": "NixOS",
        "repo": "nixpkgs",
        "rev": "c80f6a7e10b39afcc1894e02ef785b1ad0b0d7e5",
        "type": "github"
      },
      "original": {
        "owner": "NixOS",
        "ref": "nixos-unstable",
        "repo": "nixpkgs",
        "type": "github"
      }
    },
    "nixpkgs_4": {
      "locked": {
        "lastModified": 1691186842,
        "narHash": "sha256-wxBVCvZUwq+XS4N4t9NqsHV4E64cPVqQ2fdDISpjcw0=",
        "owner": "nixos",
        "repo": "nixpkgs",
        "rev": "18036c0be90f4e308ae3ebcab0e14aae0336fe42",
        "type": "github"
      },
      "original": {
        "owner": "nixos",
        "ref": "nixos-unstable",
        "repo": "nixpkgs",
        "type": "github"
      }
    },
    "nixpkgs_5": {
      "locked": {
        "lastModified": 1742422364,
        "narHash": "sha256-mNqIplmEohk5jRkqYqG19GA8MbQ/D4gQSK0Mu4LvfRQ=",
        "owner": "nixos",
        "repo": "nixpkgs",
        "rev": "a84ebe20c6bc2ecbcfb000a50776219f48d134cc",
        "type": "github"
      },
      "original": {
        "owner": "nixos",
        "ref": "nixos-unstable",
        "repo": "nixpkgs",
        "type": "github"
      }
    },
    "nvim-flake": {
      "inputs": {
        "nixCats": "nixCats_2",
        "nixpkgs": [
          "nixpkgs"
        ],
        "plugins-format-on-save": "plugins-format-on-save",
        "plugins-gint-nvim": "plugins-gint-nvim",
        "plugins-gp-nvim": "plugins-gp-nvim",
        "plugins-oh-lucy-nvim": "plugins-oh-lucy-nvim",
        "plugins-render-markdown-nvim": "plugins-render-markdown-nvim",
        "plugins-vim-rest-console": "plugins-vim-rest-console"
      },
      "locked": {
        "lastModified": 1742384072,
        "narHash": "sha256-5cna2H5vVpEPFIa9ZaOe9i1K2qSv5RHrbDIwODn4ThM=",
        "owner": "pneumaea",
        "repo": "nvim-flake",
        "rev": "0e76b4990834122de9df70e874167a12dc73face",
        "type": "github"
      },
      "original": {
        "owner": "pneumaea",
        "repo": "nvim-flake",
        "type": "github"
      }
    },
    "plugins-format-on-save": {
      "flake": false,
      "locked": {
        "lastModified": 1735129140,
        "narHash": "sha256-7uJpTg2VBuas89SI1viuCKZhqgSl+iCriC3ZVuDCrBc=",
        "owner": "elentok",
        "repo": "format-on-save.nvim",
        "rev": "a224e5f6fa42cc02ce002938aff39ff43455f28f",
        "type": "github"
      },
      "original": {
        "owner": "elentok",
        "repo": "format-on-save.nvim",
        "type": "github"
      }
    },
    "plugins-gint-nvim": {
      "flake": false,
      "locked": {
        "lastModified": 1730753064,
        "narHash": "sha256-FagvPxuHqmJu5lbkYi8lW/CkKXkK3W+UCTnzULvbd6A=",
        "owner": "pneumaea",
        "repo": "gint-nvim",
        "rev": "300dce3f60a2faa25cf3fe9e4812b683df2a0f84",
        "type": "github"
      },
      "original": {
        "owner": "pneumaea",
        "repo": "gint-nvim",
        "type": "github"
      }
    },
    "plugins-gp-nvim": {
      "flake": false,
      "locked": {
        "lastModified": 1726734798,
        "narHash": "sha256-QUZrFU/+TPBEU8yi9gmyRYjI/u7DP88AxcS0RMk7Jvk=",
        "owner": "Robitx",
        "repo": "gp.nvim",
        "rev": "2372d5323c6feaa2e9c19f7ccb537c615d878e18",
        "type": "github"
      },
      "original": {
        "owner": "Robitx",
        "repo": "gp.nvim",
        "type": "github"
      }
    },
    "plugins-oh-lucy-nvim": {
      "flake": false,
      "locked": {
        "lastModified": 1739293515,
        "narHash": "sha256-+kSjqw7J/BNf5qhcwuqFFTLG1jmUtnPI2X4WXzhvysk=",
        "owner": "Yazeed1s",
        "repo": "oh-lucy.nvim",
        "rev": "8f96ec851af11c327ed2449039e09f20292b5c2c",
        "type": "github"
      },
      "original": {
        "owner": "Yazeed1s",
        "repo": "oh-lucy.nvim",
        "type": "github"
      }
    },
    "plugins-render-markdown-nvim": {
      "flake": false,
      "locked": {
        "lastModified": 1741723924,
        "narHash": "sha256-Wa5roH6etPACY7xtvycF4d9PE2jHIbkoS0M08HePXno=",
        "owner": "MeanderingProgrammer",
        "repo": "render-markdown.nvim",
        "rev": "c065031d030955e1d071a7fcdd8c59e0fd2f0343",
        "type": "github"
      },
      "original": {
        "owner": "MeanderingProgrammer",
        "repo": "render-markdown.nvim",
        "type": "github"
      }
    },
    "plugins-vim-rest-console": {
      "flake": false,
      "locked": {
        "lastModified": 1553296776,
        "narHash": "sha256-Us7LLK/GJsFyIIROGn4y0k8c3yz+Y/X+WWwHcRqL+PQ=",
        "owner": "diepm",
        "repo": "vim-rest-console",
        "rev": "7b407f47185468d1b57a8bd71cdd66c9a99359b2",
        "type": "github"
      },
      "original": {
        "owner": "diepm",
        "repo": "vim-rest-console",
        "type": "github"
      }
    },
    "pre-commit-hooks": {
      "inputs": {
        "flake-compat": "flake-compat",
        "gitignore": "gitignore",
        "nixpkgs": [
          "hyprland",
          "nixpkgs"
        ]
      },
      "locked": {
        "lastModified": 1742058297,
        "narHash": "sha256-b4SZc6TkKw8WQQssbN5O2DaCEzmFfvSTPYHlx/SFW9Y=",
        "owner": "cachix",
        "repo": "git-hooks.nix",
        "rev": "59f17850021620cd348ad2e9c0c64f4e6325ce2a",
        "type": "github"
      },
      "original": {
        "owner": "cachix",
        "repo": "git-hooks.nix",
        "type": "github"
      }
    },
    "root": {
      "inputs": {
        "ags": "ags",
        "astal": "astal",
        "firefox-nebula-theme": "firefox-nebula-theme",
        "home-manager": "home-manager",
        "hyprland": "hyprland",
        "hyprland-hyprspace": "hyprland-hyprspace",
        "hyprland-plugins": "hyprland-plugins",
        "lf-icons": "lf-icons",
        "matugen": "matugen",
        "nixCats": "nixCats",
        "nixpkgs": "nixpkgs_5",
        "nvim-flake": "nvim-flake",
        "zen-browser": "zen-browser"
      }
    },
    "systems": {
      "locked": {
        "lastModified": 1689347949,
        "narHash": "sha256-12tWmuL2zgBgZkdoB6qXZsgJEH9LR3oUgpaQq2RbI80=",
        "owner": "nix-systems",
        "repo": "default-linux",
        "rev": "31732fcf5e8fea42e59c2488ad31a0e651500f68",
        "type": "github"
      },
      "original": {
        "owner": "nix-systems",
        "repo": "default-linux",
        "type": "github"
      }
    },
    "systems_2": {
      "locked": {
        "lastModified": 1689347949,
        "narHash": "sha256-12tWmuL2zgBgZkdoB6qXZsgJEH9LR3oUgpaQq2RbI80=",
        "owner": "nix-systems",
        "repo": "default-linux",
        "rev": "31732fcf5e8fea42e59c2488ad31a0e651500f68",
        "type": "github"
      },
      "original": {
        "owner": "nix-systems",
        "repo": "default-linux",
        "type": "github"
      }
    },
    "systems_3": {
      "locked": {
        "lastModified": 1689347949,
        "narHash": "sha256-12tWmuL2zgBgZkdoB6qXZsgJEH9LR3oUgpaQq2RbI80=",
        "owner": "nix-systems",
        "repo": "default-linux",
        "rev": "31732fcf5e8fea42e59c2488ad31a0e651500f68",
        "type": "github"
      },
      "original": {
        "owner": "nix-systems",
        "repo": "default-linux",
        "type": "github"
      }
    },
    "xdph": {
      "inputs": {
        "hyprland-protocols": [
          "hyprland",
          "hyprland-protocols"
        ],
        "hyprlang": [
          "hyprland",
          "hyprlang"
        ],
        "hyprutils": [
          "hyprland",
          "hyprutils"
        ],
        "hyprwayland-scanner": [
          "hyprland",
          "hyprwayland-scanner"
        ],
        "nixpkgs": [
          "hyprland",
          "nixpkgs"
        ],
        "systems": [
          "hyprland",
          "systems"
        ]
      },
      "locked": {
        "lastModified": 1741934139,
        "narHash": "sha256-ZhTcTH9FoeAtbPfWGrhkH7RjLJZ7GeF18nygLAMR+WE=",
        "owner": "hyprwm",
        "repo": "xdg-desktop-portal-hyprland",
        "rev": "150b0b6f52bb422a1b232a53698606fe0320dde0",
        "type": "github"
      },
      "original": {
        "owner": "hyprwm",
        "repo": "xdg-desktop-portal-hyprland",
        "type": "github"
      }
    },
    "zen-browser": {
      "inputs": {
        "nixpkgs": [
          "nixpkgs"
        ]
      },
      "locked": {
        "lastModified": 1742378269,
        "narHash": "sha256-UwikV5DFQxt4dXnp/Q7jmXBPfL1JP0apdWK3LYh7RNI=",
        "owner": "pneumaea",
        "repo": "zen-browser-flake",
        "rev": "f5114156d39d96bcbaefbe367d16029d1e582e79",
        "type": "github"
      },
      "original": {
        "owner": "pneumaea",
        "repo": "zen-browser-flake",
        "type": "github"
      }
    }
  },
  "root": "root",
  "version": 7
}
